// !$*UTF8*$!
{
	archiveVersion = 1;
	classes = {
	};
	objectVersion = 56;
	objects = {

/* Begin PBXBuildFile section */
		A1B2C3D4E5F67890 /* ForgetzeApp.swift in Sources */ = {isa = PBXBuildFile; fileRef = A1B2C3D4E5F67891 /* ForgetzeApp.swift */; };
		A1B2C3D4E5F67892 /* ContentView.swift in Sources */ = {isa = PBXBuildFile; fileRef = A1B2C3D4E5F67893 /* ContentView.swift */; };
		A1B2C3D4E5F67894 /* AppSettings.swift in Sources */ = {isa = PBXBuildFile; fileRef = A1B2C3D4E5F67895 /* AppSettings.swift */; };
		A1B2C3D4E5F67896 /* Validatable.swift in Sources */ = {isa = PBXBuildFile; fileRef = A1B2C3D4E5F67897 /* Validatable.swift */; };
		A1B2C3D4E5F67898 /* Contact.swift in Sources */ = {isa = PBXBuildFile; fileRef = A1B2C3D4E5F67899 /* Contact.swift */; };
		A1B2C3D4E5F6789A /* Kid.swift in Sources */ = {isa = PBXBuildFile; fileRef = A1B2C3D4E5F6789B /* Kid.swift */; };
		A1B2C3D4E5F6789C /* Birthday.swift in Sources */ = {isa = PBXBuildFile; fileRef = A1B2C3D4E5F6789D /* Birthday.swift */; };
		A1B2C3D4E5F678B0 /* Spouse.swift in Sources */ = {isa = PBXBuildFile; fileRef = A1B2C3D4E5F678B1 /* Spouse.swift */; };
		A1B2C3D4E5F678B2 /* Address.swift in Sources */ = {isa = PBXBuildFile; fileRef = A1B2C3D4E5F678B3 /* Address.swift */; };
		A1B2C3D4E5F678B4 /* AddressEditView.swift in Sources */ = {isa = PBXBuildFile; fileRef = A1B2C3D4E5F678B5 /* AddressEditView.swift */; };
		A1B2C3D4E5F6789E /* ContactListView.swift in Sources */ = {isa = PBXBuildFile; fileRef = A1B2C3D4E5F6789F /* ContactListView.swift */; };
		A1B2C3D4E5F678A0 /* ContactEditView.swift in Sources */ = {isa = PBXBuildFile; fileRef = A1B2C3D4E5F678A1 /* ContactEditView.swift */; };
		A1B2C3D4E5F678A2 /* ContactDetailView.swift in Sources */ = {isa = PBXBuildFile; fileRef = A1B2C3D4E5F678A3 /* ContactDetailView.swift */; };
		A1B2C3D4E5F678A4 /* AddKidView.swift in Sources */ = {isa = PBXBuildFile; fileRef = A1B2C3D4E5F678A5 /* AddKidView.swift */; };
		A1B2C3D4E5F678A6 /* HamburgerMenuView.swift in Sources */ = {isa = PBXBuildFile; fileRef = A1B2C3D4E5F678A7 /* HamburgerMenuView.swift */; };
		A1B2C3D4E5F678A8 /* AboutForgetzeView.swift in Sources */ = {isa = PBXBuildFile; fileRef = A1B2C3D4E5F678A9 /* AboutForgetzeView.swift */; };
		A1B2C3D4E5F678AA /* PrivacyStatementView.swift in Sources */ = {isa = PBXBuildFile; fileRef = A1B2C3D4E5F678AB /* PrivacyStatementView.swift */; };
		A1B2C3D4E5F678AC /* SampleData.swift in Sources */ = {isa = PBXBuildFile; fileRef = A1B2C3D4E5F678AD /* SampleData.swift */; };
		A1B2C3D4E5F678AE /* AddressCard.swift in Sources */ = {isa = PBXBuildFile; fileRef = A1B2C3D4E5F678AE /* AddressCard.swift */; };
		A1B2C3D4E5F678AF /* SocialMediaCard.swift in Sources */ = {isa = PBXBuildFile; fileRef = A1B2C3D4E5F678AF /* SocialMediaCard.swift */; };
		A1B2C3D4E5F678C0 /* Assets.xcassets in Resources */ = {isa = PBXBuildFile; fileRef = A1B2C3D4E5F678C1 /* Assets.xcassets */; };
		A1B2C3D4E5F678C2 /* LaunchScreen.storyboard in Resources */ = {isa = PBXBuildFile; fileRef = A1B2C3D4E5F678C3 /* LaunchScreen.storyboard */; };
/* End PBXBuildFile section */

/* Begin PBXFileReference section */
		A1B2C3D4E5F67890 /* Forgetze.app */ = {isa = PBXFileReference; explicitFileType = wrapper.application; includeInIndex = 0; path = Forgetze.app; sourceTree = BUILT_PRODUCTS_DIR; };
		A1B2C3D4E5F67891 /* ForgetzeApp.swift */ = {isa = PBXFileReference; lastKnownFileType = sourcecode.swift; path = ForgetzeApp.swift; sourceTree = "<group>"; };
		A1B2C3D4E5F67893 /* ContentView.swift */ = {isa = PBXFileReference; lastKnownFileType = sourcecode.swift; path = ContentView.swift; sourceTree = "<group>"; };
		A1B2C3D4E5F67895 /* AppSettings.swift */ = {isa = PBXFileReference; lastKnownFileType = sourcecode.swift; path = AppSettings.swift; sourceTree = "<group>"; };
		A1B2C3D4E5F67897 /* Validatable.swift */ = {isa = PBXFileReference; lastKnownFileType = sourcecode.swift; path = Validatable.swift; sourceTree = "<group>"; };
		A1B2C3D4E5F67899 /* Contact.swift */ = {isa = PBXFileReference; lastKnownFileType = sourcecode.swift; path = Contact.swift; sourceTree = "<group>"; };
		A1B2C3D4E5F6789B /* Kid.swift */ = {isa = PBXFileReference; lastKnownFileType = sourcecode.swift; path = Kid.swift; sourceTree = "<group>"; };
		A1B2C3D4E5F6789D /* Birthday.swift */ = {isa = PBXFileReference; lastKnownFileType = sourcecode.swift; path = Birthday.swift; sourceTree = "<group>"; };
		A1B2C3D4E5F678B1 /* Spouse.swift */ = {isa = PBXFileReference; lastKnownFileType = sourcecode.swift; path = Spouse.swift; sourceTree = "<group>"; };
		A1B2C3D4E5F678B3 /* Address.swift */ = {isa = PBXFileReference; lastKnownFileType = sourcecode.swift; path = Address.swift; sourceTree = "<group>"; };
		A1B2C3D4E5F678B5 /* AddressEditView.swift */ = {isa = PBXFileReference; lastKnownFileType = sourcecode.swift; path = AddressEditView.swift; sourceTree = "<group>"; };
		A1B2C3D4E5F6789F /* ContactListView.swift */ = {isa = PBXFileReference; lastKnownFileType = sourcecode.swift; path = ContactListView.swift; sourceTree = "<group>"; };
		A1B2C3D4E5F678A1 /* ContactEditView.swift */ = {isa = PBXFileReference; lastKnownFileType = sourcecode.swift; path = ContactEditView.swift; sourceTree = "<group>"; };
		A1B2C3D4E5F678A3 /* ContactDetailView.swift */ = {isa = PBXFileReference; lastKnownFileType = sourcecode.swift; path = ContactDetailView.swift; sourceTree = "<group>"; };
		A1B2C3D4E5F678A5 /* AddKidView.swift */ = {isa = PBXFileReference; lastKnownFileType = sourcecode.swift; path = AddKidView.swift; sourceTree = "<group>"; };
		A1B2C3D4E5F678A7 /* HamburgerMenuView.swift */ = {isa = PBXFileReference; lastKnownFileType = sourcecode.swift; path = HamburgerMenuView.swift; sourceTree = "<group>"; };
		A1B2C3D4E5F678A9 /* AboutForgetzeView.swift */ = {isa = PBXFileReference; lastKnownFileType = sourcecode.swift; path = AboutForgetzeView.swift; sourceTree = "<group>"; };
		A1B2C3D4E5F678AB /* PrivacyStatementView.swift */ = {isa = PBXFileReference; lastKnownFileType = sourcecode.swift; path = PrivacyStatementView.swift; sourceTree = "<group>"; };
		A1B2C3D4E5F678AD /* SampleData.swift */ = {isa = PBXFileReference; lastKnownFileType = sourcecode.swift; path = SampleData.swift; sourceTree = "<group>"; };
		A1B2C3D4E5F678AE /* AddressCard.swift */ = {isa = PBXFileReference; lastKnownFileType = sourcecode.swift; path = AddressCard.swift; sourceTree = "<group>"; };
		A1B2C3D4E5F678AF /* SocialMediaCard.swift */ = {isa = PBXFileReference; lastKnownFileType = sourcecode.swift; path = SocialMediaCard.swift; sourceTree = "<group>"; };
		A1B2C3D4E5F678C1 /* Assets.xcassets */ = {isa = PBXFileReference; lastKnownFileType = folder.assetcatalog; path = Assets.xcassets; sourceTree = "<group>"; };
		A1B2C3D4E5F678C3 /* LaunchScreen.storyboard */ = {isa = PBXFileReference; lastKnownFileType = file.storyboard; path = LaunchScreen.storyboard; sourceTree = "<group>"; };
		A1B2C3D4E5F678C4 /* Info.plist */ = {isa = PBXFileReference; lastKnownFileType = text.plist.xml; path = Info.plist; sourceTree = "<group>"; };
/* End PBXFileReference section */

/* Begin PBXFrameworksBuildPhase section */
		A1B2C3D4E5F6788D /* Frameworks */ = {
			isa = PBXFrameworksBuildPhase;
			buildActionMask = 2147483647;
			files = (
			);
			runOnlyForDeploymentPostprocessing = 0;
		};
/* End PBXFrameworksBuildPhase section */

/* Begin PBXGroup section */
		A1B2C3D4E5F67887 = {
			isa = PBXGroup;
			children = (
				A1B2C3D4E5F67892 /* Forgetze */,
				A1B2C3D4E5F67891 /* Products */,
			);
			sourceTree = "<group>";
		};
		A1B2C3D4E5F67891 /* Products */ = {
			isa = PBXGroup;
			children = (
				A1B2C3D4E5F67890 /* Forgetze.app */,
			);
			name = Products;
			sourceTree = "<group>";
		};
		A1B2C3D4E5F67892 /* Forgetze */ = {
			isa = PBXGroup;
			children = (
				A1B2C3D4E5F67891 /* ForgetzeApp.swift */,
				A1B2C3D4E5F67893 /* ContentView.swift */,
				A1B2C3D4E5F67895 /* AppSettings.swift */,
				A1B2C3D4E5F67897 /* Validatable.swift */,
				A1B2C3D4E5F6789B /* Kid.swift */,
				A1B2C3D4E5F6789D /* Birthday.swift */,
				A1B2C3D4E5F678B1 /* Spouse.swift */,
				A1B2C3D4E5F67899 /* Contact.swift */,
				A1B2C3D4E5F678B3 /* Address.swift */,
				A1B2C3D4E5F678B5 /* AddressEditView.swift */,
				A1B2C3D4E5F6789F /* ContactListView.swift */,
				A1B2C3D4E5F678A1 /* ContactEditView.swift */,
				A1B2C3D4E5F678A3 /* ContactDetailView.swift */,
				A1B2C3D4E5F678A5 /* AddKidView.swift */,
				A1B2C3D4E5F678A7 /* HamburgerMenuView.swift */,
				A1B2C3D4E5F678A9 /* AboutForgetzeView.swift */,
				A1B2C3D4E5F678AB /* PrivacyStatementView.swift */,
				A1B2C3D4E5F678AD /* SampleData.swift */,
				A1B2C3D4E5F678AE /* AddressCard.swift */,
				A1B2C3D4E5F678AF /* SocialMediaCard.swift */,
				A1B2C3D4E5F678C1 /* Assets.xcassets */,
				A1B2C3D4E5F678C3 /* LaunchScreen.storyboard */,
				A1B2C3D4E5F678C4 /* Info.plist */,
			);
			path = Forgetze;
			sourceTree = "<group>";
		};
/* End PBXGroup section */

/* Begin PBXNativeTarget section */
		A1B2C3D4E5F6788F /* Forgetze */ = {
			isa = PBXNativeTarget;
			buildConfigurationList = A1B2C3D4E5F678CB /* Build configuration list for PBXNativeTarget "Forgetze" */;
			buildPhases = (
				A1B2C3D4E5F6788C /* Sources */,
				A1B2C3D4E5F6788D /* Frameworks */,
				A1B2C3D4E5F6788E /* Resources */,
			);
			buildRules = (
			);
			dependencies = (
			);
			name = Forgetze;
			productName = Forgetze;
			productReference = A1B2C3D4E5F67890 /* Forgetze.app */;
			productType = "com.apple.product-type.application";
		};
/* End PBXNativeTarget section */

/* Begin PBXProject section */
		A1B2C3D4E5F67888 /* Project object */ = {
			isa = PBXProject;
			attributes = {
				BuildIndependentTargetsInParallel = 1;
				LastSwiftUpdateCheck = 1500;
				LastUpgradeCheck = 1500;
				TargetAttributes = {
					A1B2C3D4E5F6788F = {
						CreatedOnToolsVersion = 15.0;
					};
				};
			};
			buildConfigurationList = A1B2C3D4E5F6788B /* Build configuration list for PBXProject "Forgetze" */;
			compatibilityVersion = "Xcode 14.0";
			developmentRegion = en;
			hasScannedForEncodings = 0;
			knownRegions = (
				en,
				Base,
			);
			mainGroup = A1B2C3D4E5F67887;
			productRefGroup = A1B2C3D4E5F67891 /* Products */;
			projectDirPath = "";
			projectRoot = "";
			targets = (
				A1B2C3D4E5F6788F /* Forgetze */,
			);
		};
/* End PBXProject section */

/* Begin PBXResourcesBuildPhase section */
		A1B2C3D4E5F6788E /* Resources */ = {
			isa = PBXResourcesBuildPhase;
			buildActionMask = 2147483647;
			files = (
				A1B2C3D4E5F678C2 /* LaunchScreen.storyboard in Resources */,
				A1B2C3D4E5F678C0 /* Assets.xcassets in Resources */,
			);
			runOnlyForDeploymentPostprocessing = 0;
		};
/* End PBXResourcesBuildPhase section */

/* Begin PBXSourcesBuildPhase section */
		A1B2C3D4E5F6788C /* Sources */ = {
			isa = PBXSourcesBuildPhase;
			buildActionMask = 2147483647;
			files = (
				A1B2C3D4E5F67890 /* ForgetzeApp.swift in Sources */,
				A1B2C3D4E5F67892 /* ContentView.swift in Sources */,
				A1B2C3D4E5F67894 /* AppSettings.swift in Sources */,
				A1B2C3D4E5F67896 /* Validatable.swift in Sources */,
				A1B2C3D4E5F6789A /* Kid.swift in Sources */,
				A1B2C3D4E5F6789C /* Birthday.swift in Sources */,
				A1B2C3D4E5F678B0 /* Spouse.swift in Sources */,
				A1B2C3D4E5F67898 /* Contact.swift in Sources */,
				A1B2C3D4E5F678B2 /* Address.swift in Sources */,
				A1B2C3D4E5F678B4 /* AddressEditView.swift in Sources */,
				A1B2C3D4E5F6789E /* ContactListView.swift in Sources */,
				A1B2C3D4E5F678A0 /* ContactEditView.swift in Sources */,
				A1B2C3D4E5F678A2 /* ContactDetailView.swift in Sources */,
				A1B2C3D4E5F678A4 /* AddKidView.swift in Sources */,
				A1B2C3D4E5F678A6 /* HamburgerMenuView.swift in Sources */,
				A1B2C3D4E5F678A8 /* AboutForgetzeView.swift in Sources */,
				A1B2C3D4E5F678AA /* PrivacyStatementView.swift in Sources */,
				A1B2C3D4E5F678AC /* SampleData.swift in Sources */,
				A1B2C3D4E5F678AE /* AddressCard.swift in Sources */,
				A1B2C3D4E5F678AF /* SocialMediaCard.swift in Sources */,
			);
			runOnlyForDeploymentPostprocessing = 0;
		};
/* End PBXSourcesBuildPhase section */

/* Begin XCBuildConfiguration section */
		A1B2C3D4E5F678CC /* Debug */ = {
			isa = XCBuildConfiguration;
			buildSettings = {
				ALWAYS_SEARCH_USER_PATHS = NO;
				ASSETCATALOG_COMPILER_GENERATE_SWIFT_ASSET_SYMBOL_EXTENSIONS = YES;
				CLANG_ANALYZER_NONNULL = YES;
				CLANG_ANALYZER_NUMBER_OBJECT_CONVERSION = YES_AGGRESSIVE;
				CLANG_CXX_LANGUAGE_STANDARD = "gnu++20";
				CLANG_ENABLE_MODULES = YES;
				CLANG_ENABLE_OBJC_ARC = YES;
				CLANG_ENABLE_OBJC_WEAK = YES;
				CLANG_WARN_BLOCK_CAPTURE_AUTORELEASING = YES;
				CLANG_WARN_BOOL_CONVERSION = YES;
				CLANG_WARN_COMMA = YES;
				CLANG_WARN_CONSTANT_CONVERSION = YES;
				CLANG_WARN_DEPRECATED_OBJC_IMPLEMENTATIONS = YES;
				CLANG_WARN_DIRECT_OBJC_ISA_USAGE = YES_ERROR;
				CLANG_WARN_DOCUMENTATION_COMMENTS = YES;
				CLANG_WARN_EMPTY_BODY = YES;
				CLANG_WARN_ENUM_CONVERSION = YES;
				CLANG_WARN_INFINITE_RECURSION = YES;
				CLANG_WARN_INT_CONVERSION = YES;
				CLANG_WARN_NON_LITERAL_NULL_CONVERSION = YES;
				CLANG_WARN_OBJC_IMPLICIT_RETAIN_SELF = YES;
				CLANG_WARN_OBJC_LITERAL_CONVERSION = YES;
				CLANG_WARN_OBJC_ROOT_CLASS = YES_ERROR;
				CLANG_WARN_QUOTED_INCLUDE_IN_FRAMEWORK_HEADER = YES;
				CLANG_WARN_RANGE_LOOP_ANALYSIS = YES;
				CLANG_WARN_STRICT_PROTOTYPES = YES;
				CLANG_WARN_SUSPICIOUS_MOVE = YES;
				CLANG_WARN_UNGUARDED_AVAILABILITY = YES_AGGRESSIVE;
				CLANG_WARN_UNREACHABLE_CODE = YES;
				CLANG_WARN__DUPLICATE_METHOD_MATCH = YES;
				COPY_PHASE_STRIP = NO;
				DEBUG_INFORMATION_FORMAT = dwarf;
				ENABLE_STRICT_OBJC_MSGSEND = YES;
				ENABLE_TESTABILITY = YES;
				ENABLE_USER_SCRIPT_SANDBOXING = YES;
				GCC_C_LANGUAGE_STANDARD = gnu17;
				GCC_DYNAMIC_NO_PIC = NO;
				GCC_NO_COMMON_BLOCKS = YES;
				GCC_OPTIMIZATION_LEVEL = 0;
				GCC_PREPROCESSOR_DEFINITIONS = (
					"DEBUG=1",
					"$(inherited)",
				);
				GCC_WARN_64_TO_32_BIT_CONVERSION = YES;
				GCC_WARN_ABOUT_RETURN_TYPE = YES_ERROR;
				GCC_WARN_UNDECLARED_SELECTOR = YES;
				GCC_WARN_UNINITIALIZED_AUTOS = YES_AGGRESSIVE;
				GCC_WARN_UNUSED_FUNCTION = YES;
				GCC_WARN_UNUSED_VARIABLE = YES;
				IPHONEOS_DEPLOYMENT_TARGET = 17.0;
				LOCALIZATION_PREFERS_STRING_CATALOGS = YES;
				MTL_ENABLE_DEBUG_INFO = INCLUDE_SOURCE;
				MTL_FAST_MATH = YES;
				ONLY_ACTIVE_ARCH = YES;
				SDKROOT = iphoneos;
				SWIFT_ACTIVE_COMPILATION_CONDITIONS = "DEBUG $(inherited)";
				SWIFT_OPTIMIZATION_LEVEL = "-Onone";
			};
			name = Debug;
		};
		A1B2C3D4E5F678CD /* Release */ = {
			isa = XCBuildConfiguration;
			buildSettings = {
				ALWAYS_SEARCH_USER_PATHS = NO;
				ASSETCATALOG_COMPILER_GENERATE_SWIFT_ASSET_SYMBOL_EXTENSIONS = YES;
				CLANG_ANALYZER_NONNULL = YES;
				CLANG_ANALYZER_NUMBER_OBJECT_CONVERSION = YES_AGGRESSIVE;
				CLANG_CXX_LANGUAGE_STANDARD = "gnu++20";
				CLANG_ENABLE_MODULES = YES;
				CLANG_ENABLE_OBJC_ARC = YES;
				CLANG_ENABLE_OBJC_WEAK = YES;
				CLANG_WARN_BLOCK_CAPTURE_AUTORELEASING = YES;
				CLANG_WARN_BOOL_CONVERSION = YES;
				CLANG_WARN_COMMA = YES;
				CLANG_WARN_CONSTANT_CONVERSION = YES;
				CLANG_WARN_DEPRECATED_OBJC_IMPLEMENTATIONS = YES;
				CLANG_WARN_DIRECT_OBJC_ISA_USAGE = YES_ERROR;
				CLANG_WARN_DOCUMENTATION_COMMENTS = YES;
				CLANG_WARN_EMPTY_BODY = YES;
				CLANG_WARN_ENUM_CONVERSION = YES;
				CLANG_WARN_INFINITE_RECURSION = YES;
				CLANG_WARN_INT_CONVERSION = YES;
				CLANG_WARN_NON_LITERAL_NULL_CONVERSION = YES;
				CLANG_WARN_OBJC_IMPLICIT_RETAIN_SELF = YES;
				CLANG_WARN_OBJC_LITERAL_CONVERSION = YES;
				CLANG_WARN_OBJC_ROOT_CLASS = YES_ERROR;
				CLANG_WARN_QUOTED_INCLUDE_IN_FRAMEWORK_HEADER = YES;
				CLANG_WARN_RANGE_LOOP_ANALYSIS = YES;
				CLANG_WARN_STRICT_PROTOTYPES = YES;
				CLANG_WARN_SUSPICIOUS_MOVE = YES;
				CLANG_WARN_UNGUARDED_AVAILABILITY = YES_AGGRESSIVE;
				CLANG_WARN_UNREACHABLE_CODE = YES;
				CLANG_WARN__DUPLICATE_METHOD_MATCH = YES;
				COPY_PHASE_STRIP = NO;
				DEBUG_INFORMATION_FORMAT = "dwarf-with-dsym";
				ENABLE_NS_ASSERTIONS = NO;
				ENABLE_STRICT_OBJC_MSGSEND = YES;
				ENABLE_USER_SCRIPT_SANDBOXING = YES;
				GCC_C_LANGUAGE_STANDARD = gnu17;
				GCC_NO_COMMON_BLOCKS = YES;
				GCC_WARN_64_TO_32_BIT_CONVERSION = YES;
				GCC_WARN_ABOUT_RETURN_TYPE = YES_ERROR;
				GCC_WARN_UNDECLARED_SELECTOR = YES;
				GCC_WARN_UNINITIALIZED_AUTOS = YES_AGGRESSIVE;
				GCC_WARN_UNUSED_FUNCTION = YES;
				GCC_WARN_UNUSED_VARIABLE = YES;
				IPHONEOS_DEPLOYMENT_TARGET = 17.0;
				LOCALIZATION_PREFERS_STRING_CATALOGS = YES;
				MTL_ENABLE_DEBUG_INFO = NO;
				MTL_FAST_MATH = YES;
				SDKROOT = iphoneos;
				SWIFT_COMPILATION_MODE = wholemodule;
				VALIDATE_PRODUCT = YES;
			};
			name = Release;
		};
		A1B2C3D4E5F678CE /* Debug */ = {
			isa = XCBuildConfiguration;
			buildSettings = {
				ASSETCATALOG_COMPILER_APPICON_NAME = AppIcon;
				ASSETCATALOG_COMPILER_GLOBAL_ACCENT_COLOR_NAME = AccentColor;
				CODE_SIGN_STYLE = Automatic;
				CURRENT_PROJECT_VERSION = 1;
				DEVELOPMENT_TEAM = "";
				GENERATE_INFOPLIST_FILE = YES;
				INFOPLIST_FILE = Forgetze/Info.plist;
				INFOPLIST_KEY_UIApplicationSceneManifest_Generation = YES;
				INFOPLIST_KEY_UIApplicationSupportsIndirectInputEvents = YES;
				INFOPLIST_KEY_UILaunchScreen_Generation = YES;
				INFOPLIST_KEY_UISupportedInterfaceOrientations = [
					UIInterfaceOrientationPortrait,
					UIInterfaceOrientationLandscapeLeft,
					UIInterfaceOrientationLandscapeRight,
				];
				INFOPLIST_KEY_UISupportedInterfaceOrientations_iPad = [
					UIInterfaceOrientationPortrait,
					UIInterfaceOrientationPortraitUpsideDown,
					UIInterfaceOrientationLandscapeLeft,
					UIInterfaceOrientationLandscapeRight,
				];
				LD_RUNPATH_SEARCH_PATHS = (
					"$(inherited)",
					"@executable_path/Frameworks",
				);
				MARKETING_VERSION = 1.0;
				PRODUCT_BUNDLE_IDENTIFIER = com.forgetze.app;
				PRODUCT_NAME = "$(TARGET_NAME)";
				SWIFT_EMIT_LOC_STRINGS = YES;
				SWIFT_VERSION = 5.0;
				TARGETED_DEVICE_FAMILY = "1,2";
			};
			name = Debug;
		};
		A1B2C3D4E5F678CF /* Release */ = {
			isa = XCBuildConfiguration;
			buildSettings = {
				ASSETCATALOG_COMPILER_APPICON_NAME = AppIcon;
				ASSETCATALOG_COMPILER_GLOBAL_ACCENT_COLOR_NAME = AccentColor;
				CODE_SIGN_STYLE = Automatic;
				CURRENT_PROJECT_VERSION = 1;
				DEVELOPMENT_TEAM = "";
				GENERATE_INFOPLIST_FILE = YES;
				INFOPLIST_FILE = Forgetze/Info.plist;
				INFOPLIST_KEY_UIApplicationSceneManifest_Generation = YES;
				INFOPLIST_KEY_UIApplicationSupportsIndirectInputEvents = YES;
				INFOPLIST_KEY_UILaunchScreen_Generation = YES;
				INFOPLIST_KEY_UISupportedInterfaceOrientations = [
					UIInterfaceOrientationPortrait,
					UIInterfaceOrientationLandscapeLeft,
					UIInterfaceOrientationLandscapeRight,
				];
				INFOPLIST_KEY_UISupportedInterfaceOrientations_iPad = [
					UIInterfaceOrientationPortrait,
					UIInterfaceOrientationPortraitUpsideDown,
					UIInterfaceOrientationLandscapeLeft,
					UIInterfaceOrientationLandscapeRight,
				];
				LD_RUNPATH_SEARCH_PATHS = (
					"$(inherited)",
					"@executable_path/Frameworks",
				);
				MARKETING_VERSION = 1.0;
				PRODUCT_BUNDLE_IDENTIFIER = com.forgetze.app;
				PRODUCT_NAME = "$(TARGET_NAME)";
				SWIFT_EMIT_LOC_STRINGS = YES;
				SWIFT_VERSION = 5.0;
				TARGETED_DEVICE_FAMILY = "1,2";
			};
			name = Release;
		};
/* End XCBuildConfiguration section */

/* Begin XCConfigurationList section */
		A1B2C3D4E5F6788B /* Build configuration list for PBXProject "Forgetze" */ = {
			isa = XCConfigurationList;
			buildConfigurations = (
				A1B2C3D4E5F678CC /* Debug */,
				A1B2C3D4E5F678CD /* Release */,
			);
			defaultConfigurationIsVisible = 0;
			defaultConfigurationName = Release;
		};
		A1B2C3D4E5F678CB /* Build configuration list for PBXNativeTarget "Forgetze" */ = {
			isa = XCConfigurationList;
			buildConfigurations = (
				A1B2C3D4E5F678CE /* Debug */,
				A1B2C3D4E5F678CF /* Release */,
			);
			defaultConfigurationIsVisible = 0;
			defaultConfigurationName = Release;
		};
/* End XCConfigurationList section */
	};
	rootObject = A1B2C3D4E5F67888 /* Project object */;
}
